<?xml version="1.0"?>
<Project ToolsVersion="14.0" xmlns="http://schemas.microsoft.com/developer/msbuild/2003">
  <ItemGroup>
    <Filter Include="Bolts">
      <UniqueIdentifier>{ED301FCD-4C81-4A2B-874B-D8154FE2E0C9}</UniqueIdentifier>
    </Filter>
    <Filter Include="Bolts\Common">
      <UniqueIdentifier>{DB47FF7F-96F2-461F-ADE3-0D0F121E567A}</UniqueIdentifier>
    </Filter>
  </ItemGroup>
  <ItemGroup>
    <ClangCompile Include="..\..\Bolts\Common\BFTaskCompletionSource.m">
      <Filter>Bolts\Common</Filter>
    </ClangCompile>
    <ClangCompile Include="..\..\Bolts\Common\BFTask.m">
      <Filter>Bolts\Common</Filter>
    </ClangCompile>
    <ClangCompile Include="..\..\Bolts\Common\Bolts.m">
      <Filter>Bolts\Common</Filter>
    </ClangCompile>
    <ClangCompile Include="..\..\Bolts\Common\BFCancellationTokenRegistration.m">
      <Filter>Bolts\Common</Filter>
    </ClangCompile>
    <ClangCompile Include="..\..\Bolts\Common\BFCancellationTokenSource.m">
      <Filter>Bolts\Common</Filter>
    </ClangCompile>
    <ClangCompile Include="..\..\Bolts\Common\BFExecutor.m">
      <Filter>Bolts\Common</Filter>
    </ClangCompile>
    <ClangCompile Include="..\..\Bolts\Common\BFCancellationToken.m">
      <Filter>Bolts\Common</Filter>
    </ClangCompile>
  </ItemGroup>
</Project>
