<?xml version="1.0"?>
<Project ToolsVersion="14.0" xmlns="http://schemas.microsoft.com/developer/msbuild/2003">
  <ItemGroup>
    <Filter Include="Bolts">
      <UniqueIdentifier>{B50A607C-9116-4312-B97F-E238838CCCDD}</UniqueIdentifier>
    </Filter>
    <Filter Include="Bolts\Common">
      <UniqueIdentifier>{7D711405-9175-4ABA-A5A5-B8E6BB8C1721}</UniqueIdentifier>
    </Filter>
  </ItemGroup>
  <ItemGroup>
    <ClangCompile Include="..\..\Bolts\Common\BFTaskCompletionSource.m">
      <Filter>Bolts\Common</Filter>
    </ClangCompile>
    <ClangCompile Include="..\..\Bolts\Common\BFTask.m">
      <Filter>Bolts\Common</Filter>
    </ClangCompile>
    <ClangCompile Include="..\..\Bolts\Common\Bolts.m">
      <Filter>Bolts\Common</Filter>
    </ClangCompile>
    <ClangCompile Include="..\..\Bolts\Common\BFCancellationTokenRegistration.m">
      <Filter>Bolts\Common</Filter>
    </ClangCompile>
    <ClangCompile Include="..\..\Bolts\Common\BFCancellationTokenSource.m">
      <Filter>Bolts\Common</Filter>
    </ClangCompile>
    <ClangCompile Include="..\..\Bolts\Common\BFExecutor.m">
      <Filter>Bolts\Common</Filter>
    </ClangCompile>
    <ClangCompile Include="..\..\Bolts\Common\BFCancellationToken.m">
      <Filter>Bolts\Common</Filter>
    </ClangCompile>
  </ItemGroup>
</Project>
